
Microsoft Visual Studio Solution File, Format Version 12.00
Project("{FAE04EC0-301F-11D3-BF4B-00C04F79EFBC}") = "MagicVilla_VillaAPI", "MagicVilla_VillaAPI\MagicVilla_VillaAPI.csproj", "{C2C8EF60-C069-4CAF-888B-14C480BAD15D}"
EndProject
Project("{FAE04EC0-301F-11D3-BF4B-00C04F79EFBC}") = "MagicVilla_Utility", "MagicVilla_Utility\MagicVilla_Utility.csproj", "{FBCDF2A9-3C5E-4F1C-8216-AC2F435CE8A0}"
EndProject
Project("{FAE04EC0-301F-11D3-BF4B-00C04F79EFBC}") = "Magic_Web", "Magic_Web\Magic_Web.csproj", "{19C06F3B-931C-4A29-9214-A8F30888D968}"
EndProject
Global
	GlobalSection(SolutionConfigurationPlatforms) = preSolution
		Debug|Any CPU = Debug|Any CPU
		Release|Any CPU = Release|Any CPU
	EndGlobalSection
	GlobalSection(ProjectConfigurationPlatforms) = postSolution
		{C2C8EF60-C069-4CAF-888B-14C480BAD15D}.Debug|Any CPU.ActiveCfg = Debug|Any CPU
		{C2C8EF60-C069-4CAF-888B-14C480BAD15D}.Debug|Any CPU.Build.0 = Debug|Any CPU
		{C2C8EF60-C069-4CAF-888B-14C480BAD15D}.Release|Any CPU.ActiveCfg = Release|Any CPU
		{C2C8EF60-C069-4CAF-888B-14C480BAD15D}.Release|Any CPU.Build.0 = Release|Any CPU
		{FBCDF2A9-3C5E-4F1C-8216-AC2F435CE8A0}.Debug|Any CPU.ActiveCfg = Debug|Any CPU
		{FBCDF2A9-3C5E-4F1C-8216-AC2F435CE8A0}.Debug|Any CPU.Build.0 = Debug|Any CPU
		{FBCDF2A9-3C5E-4F1C-8216-AC2F435CE8A0}.Release|Any CPU.ActiveCfg = Release|Any CPU
		{FBCDF2A9-3C5E-4F1C-8216-AC2F435CE8A0}.Release|Any CPU.Build.0 = Release|Any CPU
		{19C06F3B-931C-4A29-9214-A8F30888D968}.Debug|Any CPU.ActiveCfg = Debug|Any CPU
		{19C06F3B-931C-4A29-9214-A8F30888D968}.Debug|Any CPU.Build.0 = Debug|Any CPU
		{19C06F3B-931C-4A29-9214-A8F30888D968}.Release|Any CPU.ActiveCfg = Release|Any CPU
		{19C06F3B-931C-4A29-9214-A8F30888D968}.Release|Any CPU.Build.0 = Release|Any CPU
	EndGlobalSection
EndGlobal
